// !$*UTF8*$!
{
	archiveVersion = 1;
	classes = {
	};
	objectVersion = 50;
	objects = {

/* Begin PBXBuildFile section */
		98639E0326FD85D100C5CC5D /* AppDelegate.swift in Sources */ = {isa = PBXBuildFile; fileRef = 98639E0226FD85D100C5CC5D /* AppDelegate.swift */; };
		98639E0526FD85D100C5CC5D /* SceneDelegate.swift in Sources */ = {isa = PBXBuildFile; fileRef = 98639E0426FD85D100C5CC5D /* SceneDelegate.swift */; };
		98639E0726FD85D100C5CC5D /* ViewController.swift in Sources */ = {isa = PBXBuildFile; fileRef = 98639E0626FD85D100C5CC5D /* ViewController.swift */; };
		98639E0A26FD85D100C5CC5D /* Main.storyboard in Resources */ = {isa = PBXBuildFile; fileRef = 98639E0826FD85D100C5CC5D /* Main.storyboard */; };
		98639E0C26FD85E100C5CC5D /* Assets.xcassets in Resources */ = {isa = PBXBuildFile; fileRef = 98639E0B26FD85E100C5CC5D /* Assets.xcassets */; };
		98639E0F26FD85E100C5CC5D /* LaunchScreen.storyboard in Resources */ = {isa = PBXBuildFile; fileRef = 98639E0D26FD85E100C5CC5D /* LaunchScreen.storyboard */; };
		98639E1A26FD8B7D00C5CC5D /* pollo_voz.mp3 in Resources */ = {isa = PBXBuildFile; fileRef = 98639E1626FD8B7C00C5CC5D /* pollo_voz.mp3 */; };
		98639E1B26FD8B7D00C5CC5D /* vaca_voz.mp3 in Resources */ = {isa = PBXBuildFile; fileRef = 98639E1726FD8B7D00C5CC5D /* vaca_voz.mp3 */; };
		98639E1C26FD8B7D00C5CC5D /* pollito.mp3 in Resources */ = {isa = PBXBuildFile; fileRef = 98639E1826FD8B7D00C5CC5D /* pollito.mp3 */; };
		98639E1D26FD8B7D00C5CC5D /* vaca.mp3 in Resources */ = {isa = PBXBuildFile; fileRef = 98639E1926FD8B7D00C5CC5D /* vaca.mp3 */; };
		98639E2026FD8B8E00C5CC5D /* abeja_voz.mp3 in Resources */ = {isa = PBXBuildFile; fileRef = 98639E1E26FD8B8E00C5CC5D /* abeja_voz.mp3 */; };
		98639E2126FD8B8E00C5CC5D /* abeja.mp3 in Resources */ = {isa = PBXBuildFile; fileRef = 98639E1F26FD8B8E00C5CC5D /* abeja.mp3 */; };
		98639E2326FD8B9800C5CC5D /* granja.mp3 in Resources */ = {isa = PBXBuildFile; fileRef = 98639E2226FD8B9800C5CC5D /* granja.mp3 */; };
		98639E2626FDA87A00C5CC5D /* Yaldevi-VariableFont_wght.ttf in Resources */ = {isa = PBXBuildFile; fileRef = 98639E2526FDA87A00C5CC5D /* Yaldevi-VariableFont_wght.ttf */; };
/* End PBXBuildFile section */

/* Begin PBXFileReference section */
		98639DFF26FD85D100C5CC5D /* Proyecto_Jeyd.app */ = {isa = PBXFileReference; explicitFileType = wrapper.application; includeInIndex = 0; path = Proyecto_Jeyd.app; sourceTree = BUILT_PRODUCTS_DIR; };
		98639E0226FD85D100C5CC5D /* AppDelegate.swift */ = {isa = PBXFileReference; lastKnownFileType = sourcecode.swift; path = AppDelegate.swift; sourceTree = "<group>"; };
		98639E0426FD85D100C5CC5D /* SceneDelegate.swift */ = {isa = PBXFileReference; lastKnownFileType = sourcecode.swift; path = SceneDelegate.swift; sourceTree = "<group>"; };
		98639E0626FD85D100C5CC5D /* ViewController.swift */ = {isa = PBXFileReference; lastKnownFileType = sourcecode.swift; path = ViewController.swift; sourceTree = "<group>"; };
		98639E0926FD85D100C5CC5D /* Base */ = {isa = PBXFileReference; lastKnownFileType = file.storyboard; name = Base; path = Base.lproj/Main.storyboard; sourceTree = "<group>"; };
		98639E0B26FD85E100C5CC5D /* Assets.xcassets */ = {isa = PBXFileReference; lastKnownFileType = folder.assetcatalog; path = Assets.xcassets; sourceTree = "<group>"; };
		98639E0E26FD85E100C5CC5D /* Base */ = {isa = PBXFileReference; lastKnownFileType = file.storyboard; name = Base; path = Base.lproj/LaunchScreen.storyboard; sourceTree = "<group>"; };
		98639E1026FD85E100C5CC5D /* Info.plist */ = {isa = PBXFileReference; lastKnownFileType = text.plist.xml; path = Info.plist; sourceTree = "<group>"; };
		98639E1626FD8B7C00C5CC5D /* pollo_voz.mp3 */ = {isa = PBXFileReference; lastKnownFileType = audio.mp3; path = pollo_voz.mp3; sourceTree = "<group>"; };
		98639E1726FD8B7D00C5CC5D /* vaca_voz.mp3 */ = {isa = PBXFileReference; lastKnownFileType = audio.mp3; path = vaca_voz.mp3; sourceTree = "<group>"; };
		98639E1826FD8B7D00C5CC5D /* pollito.mp3 */ = {isa = PBXFileReference; lastKnownFileType = audio.mp3; path = pollito.mp3; sourceTree = "<group>"; };
		98639E1926FD8B7D00C5CC5D /* vaca.mp3 */ = {isa = PBXFileReference; lastKnownFileType = audio.mp3; path = vaca.mp3; sourceTree = "<group>"; };
		98639E1E26FD8B8E00C5CC5D /* abeja_voz.mp3 */ = {isa = PBXFileReference; lastKnownFileType = audio.mp3; path = abeja_voz.mp3; sourceTree = "<group>"; };
		98639E1F26FD8B8E00C5CC5D /* abeja.mp3 */ = {isa = PBXFileReference; lastKnownFileType = audio.mp3; path = abeja.mp3; sourceTree = "<group>"; };
		98639E2226FD8B9800C5CC5D /* granja.mp3 */ = {isa = PBXFileReference; lastKnownFileType = audio.mp3; path = granja.mp3; sourceTree = "<group>"; };
		98639E2426FDA71E00C5CC5D /* StickNoBills-VariableFont_wght.ttf */ = {isa = PBXFileReference; lastKnownFileType = file; path = "StickNoBills-VariableFont_wght.ttf"; sourceTree = "<group>"; };
		98639E2526FDA87A00C5CC5D /* Yaldevi-VariableFont_wght.ttf */ = {isa = PBXFileReference; lastKnownFileType = file; path = "Yaldevi-VariableFont_wght.ttf"; sourceTree = "<group>"; };
/* End PBXFileReference section */

/* Begin PBXFrameworksBuildPhase section */
		98639DFC26FD85D100C5CC5D /* Frameworks */ = {
			isa = PBXFrameworksBuildPhase;
			buildActionMask = 2147483647;
			files = (
			);
			runOnlyForDeploymentPostprocessing = 0;
		};
/* End PBXFrameworksBuildPhase section */

/* Begin PBXGroup section */
		98639DF626FD85D000C5CC5D = {
			isa = PBXGroup;
			children = (
				98639E0126FD85D100C5CC5D /* Proyecto_Jeyd */,
				98639E0026FD85D100C5CC5D /* Products */,
			);
			sourceTree = "<group>";
		};
		98639E0026FD85D100C5CC5D /* Products */ = {
			isa = PBXGroup;
			children = (
				98639DFF26FD85D100C5CC5D /* Proyecto_Jeyd.app */,
			);
			name = Products;
			sourceTree = "<group>";
		};
		98639E0126FD85D100C5CC5D /* Proyecto_Jeyd */ = {
			isa = PBXGroup;
			children = (
				98639E0226FD85D100C5CC5D /* AppDelegate.swift */,
				98639E0426FD85D100C5CC5D /* SceneDelegate.swift */,
				98639E0626FD85D100C5CC5D /* ViewController.swift */,
				98639E0826FD85D100C5CC5D /* Main.storyboard */,
				98639E0B26FD85E100C5CC5D /* Assets.xcassets */,
				98639E0D26FD85E100C5CC5D /* LaunchScreen.storyboard */,
				98639E1826FD8B7D00C5CC5D /* pollito.mp3 */,
				98639E1626FD8B7C00C5CC5D /* pollo_voz.mp3 */,
				98639E1E26FD8B8E00C5CC5D /* abeja_voz.mp3 */,
				98639E2426FDA71E00C5CC5D /* StickNoBills-VariableFont_wght.ttf */,
				98639E2526FDA87A00C5CC5D /* Yaldevi-VariableFont_wght.ttf */,
				98639E1F26FD8B8E00C5CC5D /* abeja.mp3 */,
				98639E2226FD8B9800C5CC5D /* granja.mp3 */,
				98639E1726FD8B7D00C5CC5D /* vaca_voz.mp3 */,
				98639E1926FD8B7D00C5CC5D /* vaca.mp3 */,
				98639E1026FD85E100C5CC5D /* Info.plist */,
			);
			path = Proyecto_Jeyd;
			sourceTree = "<group>";
		};
/* End PBXGroup section */

/* Begin PBXNativeTarget section */
		98639DFE26FD85D100C5CC5D /* Proyecto_Jeyd */ = {
			isa = PBXNativeTarget;
			buildConfigurationList = 98639E1326FD85E100C5CC5D /* Build configuration list for PBXNativeTarget "Proyecto_Jeyd" */;
			buildPhases = (
				98639DFB26FD85D100C5CC5D /* Sources */,
				98639DFC26FD85D100C5CC5D /* Frameworks */,
				98639DFD26FD85D100C5CC5D /* Resources */,
			);
			buildRules = (
			);
			dependencies = (
			);
			name = Proyecto_Jeyd;
			productName = Proyecto_Jeyd;
			productReference = 98639DFF26FD85D100C5CC5D /* Proyecto_Jeyd.app */;
			productType = "com.apple.product-type.application";
		};
/* End PBXNativeTarget section */

/* Begin PBXProject section */
		98639DF726FD85D000C5CC5D /* Project object */ = {
			isa = PBXProject;
			attributes = {
				LastSwiftUpdateCheck = 1250;
				LastUpgradeCheck = 1250;
				TargetAttributes = {
					98639DFE26FD85D100C5CC5D = {
						CreatedOnToolsVersion = 12.5.1;
					};
				};
			};
			buildConfigurationList = 98639DFA26FD85D000C5CC5D /* Build configuration list for PBXProject "Proyecto_Jeyd" */;
			compatibilityVersion = "Xcode 9.3";
			developmentRegion = en;
			hasScannedForEncodings = 0;
			knownRegions = (
				en,
				Base,
			);
			mainGroup = 98639DF626FD85D000C5CC5D;
			productRefGroup = 98639E0026FD85D100C5CC5D /* Products */;
			projectDirPath = "";
			projectRoot = "";
			targets = (
				98639DFE26FD85D100C5CC5D /* Proyecto_Jeyd */,
			);
		};
/* End PBXProject section */

/* Begin PBXResourcesBuildPhase section */
		98639DFD26FD85D100C5CC5D /* Resources */ = {
			isa = PBXResourcesBuildPhase;
			buildActionMask = 2147483647;
			files = (
				98639E1B26FD8B7D00C5CC5D /* vaca_voz.mp3 in Resources */,
				98639E0F26FD85E100C5CC5D /* LaunchScreen.storyboard in Resources */,
				98639E2126FD8B8E00C5CC5D /* abeja.mp3 in Resources */,
				98639E0C26FD85E100C5CC5D /* Assets.xcassets in Resources */,
				98639E0A26FD85D100C5CC5D /* Main.storyboard in Resources */,
				98639E2326FD8B9800C5CC5D /* granja.mp3 in Resources */,
				98639E2026FD8B8E00C5CC5D /* abeja_voz.mp3 in Resources */,
				98639E1C26FD8B7D00C5CC5D /* pollito.mp3 in Resources */,
				98639E1A26FD8B7D00C5CC5D /* pollo_voz.mp3 in Resources */,
				98639E2626FDA87A00C5CC5D /* Yaldevi-VariableFont_wght.ttf in Resources */,
				98639E1D26FD8B7D00C5CC5D /* vaca.mp3 in Resources */,
			);
			runOnlyForDeploymentPostprocessing = 0;
		};
/* End PBXResourcesBuildPhase section */

/* Begin PBXSourcesBuildPhase section */
		98639DFB26FD85D100C5CC5D /* Sources */ = {
			isa = PBXSourcesBuildPhase;
			buildActionMask = 2147483647;
			files = (
				98639E0726FD85D100C5CC5D /* ViewController.swift in Sources */,
				98639E0326FD85D100C5CC5D /* AppDelegate.swift in Sources */,
				98639E0526FD85D100C5CC5D /* SceneDelegate.swift in Sources */,
			);
			runOnlyForDeploymentPostprocessing = 0;
		};
/* End PBXSourcesBuildPhase section */

/* Begin PBXVariantGroup section */
		98639E0826FD85D100C5CC5D /* Main.storyboard */ = {
			isa = PBXVariantGroup;
			children = (
				98639E0926FD85D100C5CC5D /* Base */,
			);
			name = Main.storyboard;
			sourceTree = "<group>";
		};
		98639E0D26FD85E100C5CC5D /* LaunchScreen.storyboard */ = {
			isa = PBXVariantGroup;
			children = (
				98639E0E26FD85E100C5CC5D /* Base */,
			);
			name = LaunchScreen.storyboard;
			sourceTree = "<group>";
		};
/* End PBXVariantGroup section */

/* Begin XCBuildConfiguration section */
		98639E1126FD85E100C5CC5D /* Debug */ = {
			isa = XCBuildConfiguration;
			buildSettings = {
				ALWAYS_SEARCH_USER_PATHS = NO;
				CLANG_ANALYZER_NONNULL = YES;
				CLANG_ANALYZER_NUMBER_OBJECT_CONVERSION = YES_AGGRESSIVE;
				CLANG_CXX_LANGUAGE_STANDARD = "gnu++14";
				CLANG_CXX_LIBRARY = "libc++";
				CLANG_ENABLE_MODULES = YES;
				CLANG_ENABLE_OBJC_ARC = YES;
				CLANG_ENABLE_OBJC_WEAK = YES;
				CLANG_WARN_BLOCK_CAPTURE_AUTORELEASING = YES;
				CLANG_WARN_BOOL_CONVERSION = YES;
				CLANG_WARN_COMMA = YES;
				CLANG_WARN_CONSTANT_CONVERSION = YES;
				CLANG_WARN_DEPRECATED_OBJC_IMPLEMENTATIONS = YES;
				CLANG_WARN_DIRECT_OBJC_ISA_USAGE = YES_ERROR;
				CLANG_WARN_DOCUMENTATION_COMMENTS = YES;
				CLANG_WARN_EMPTY_BODY = YES;
				CLANG_WARN_ENUM_CONVERSION = YES;
				CLANG_WARN_INFINITE_RECURSION = YES;
				CLANG_WARN_INT_CONVERSION = YES;
				CLANG_WARN_NON_LITERAL_NULL_CONVERSION = YES;
				CLANG_WARN_OBJC_IMPLICIT_RETAIN_SELF = YES;
				CLANG_WARN_OBJC_LITERAL_CONVERSION = YES;
				CLANG_WARN_OBJC_ROOT_CLASS = YES_ERROR;
				CLANG_WARN_QUOTED_INCLUDE_IN_FRAMEWORK_HEADER = YES;
				CLANG_WARN_RANGE_LOOP_ANALYSIS = YES;
				CLANG_WARN_STRICT_PROTOTYPES = YES;
				CLANG_WARN_SUSPICIOUS_MOVE = YES;
				CLANG_WARN_UNGUARDED_AVAILABILITY = YES_AGGRESSIVE;
				CLANG_WARN_UNREACHABLE_CODE = YES;
				CLANG_WARN__DUPLICATE_METHOD_MATCH = YES;
				COPY_PHASE_STRIP = NO;
				DEBUG_INFORMATION_FORMAT = dwarf;
				ENABLE_STRICT_OBJC_MSGSEND = YES;
				ENABLE_TESTABILITY = YES;
				GCC_C_LANGUAGE_STANDARD = gnu11;
				GCC_DYNAMIC_NO_PIC = NO;
				GCC_NO_COMMON_BLOCKS = YES;
				GCC_OPTIMIZATION_LEVEL = 0;
				GCC_PREPROCESSOR_DEFINITIONS = (
					"DEBUG=1",
					"$(inherited)",
				);
				GCC_WARN_64_TO_32_BIT_CONVERSION = YES;
				GCC_WARN_ABOUT_RETURN_TYPE = YES_ERROR;
				GCC_WARN_UNDECLARED_SELECTOR = YES;
				GCC_WARN_UNINITIALIZED_AUTOS = YES_AGGRESSIVE;
				GCC_WARN_UNUSED_FUNCTION = YES;
				GCC_WARN_UNUSED_VARIABLE = YES;
				IPHONEOS_DEPLOYMENT_TARGET = 14.5;
				MTL_ENABLE_DEBUG_INFO = INCLUDE_SOURCE;
				MTL_FAST_MATH = YES;
				ONLY_ACTIVE_ARCH = YES;
				SDKROOT = iphoneos;
				SWIFT_ACTIVE_COMPILATION_CONDITIONS = DEBUG;
				SWIFT_OPTIMIZATION_LEVEL = "-Onone";
			};
			name = Debug;
		};
		98639E1226FD85E100C5CC5D /* Release */ = {
			isa = XCBuildConfiguration;
			buildSettings = {
				ALWAYS_SEARCH_USER_PATHS = NO;
				CLANG_ANALYZER_NONNULL = YES;
				CLANG_ANALYZER_NUMBER_OBJECT_CONVERSION = YES_AGGRESSIVE;
				CLANG_CXX_LANGUAGE_STANDARD = "gnu++14";
				CLANG_CXX_LIBRARY = "libc++";
				CLANG_ENABLE_MODULES = YES;
				CLANG_ENABLE_OBJC_ARC = YES;
				CLANG_ENABLE_OBJC_WEAK = YES;
				CLANG_WARN_BLOCK_CAPTURE_AUTORELEASING = YES;
				CLANG_WARN_BOOL_CONVERSION = YES;
				CLANG_WARN_COMMA = YES;
				CLANG_WARN_CONSTANT_CONVERSION = YES;
				CLANG_WARN_DEPRECATED_OBJC_IMPLEMENTATIONS = YES;
				CLANG_WARN_DIRECT_OBJC_ISA_USAGE = YES_ERROR;
				CLANG_WARN_DOCUMENTATION_COMMENTS = YES;
				CLANG_WARN_EMPTY_BODY = YES;
				CLANG_WARN_ENUM_CONVERSION = YES;
				CLANG_WARN_INFINITE_RECURSION = YES;
				CLANG_WARN_INT_CONVERSION = YES;
				CLANG_WARN_NON_LITERAL_NULL_CONVERSION = YES;
				CLANG_WARN_OBJC_IMPLICIT_RETAIN_SELF = YES;
				CLANG_WARN_OBJC_LITERAL_CONVERSION = YES;
				CLANG_WARN_OBJC_ROOT_CLASS = YES_ERROR;
				CLANG_WARN_QUOTED_INCLUDE_IN_FRAMEWORK_HEADER = YES;
				CLANG_WARN_RANGE_LOOP_ANALYSIS = YES;
				CLANG_WARN_STRICT_PROTOTYPES = YES;
				CLANG_WARN_SUSPICIOUS_MOVE = YES;
				CLANG_WARN_UNGUARDED_AVAILABILITY = YES_AGGRESSIVE;
				CLANG_WARN_UNREACHABLE_CODE = YES;
				CLANG_WARN__DUPLICATE_METHOD_MATCH = YES;
				COPY_PHASE_STRIP = NO;
				DEBUG_INFORMATION_FORMAT = "dwarf-with-dsym";
				ENABLE_NS_ASSERTIONS = NO;
				ENABLE_STRICT_OBJC_MSGSEND = YES;
				GCC_C_LANGUAGE_STANDARD = gnu11;
				GCC_NO_COMMON_BLOCKS = YES;
				GCC_WARN_64_TO_32_BIT_CONVERSION = YES;
				GCC_WARN_ABOUT_RETURN_TYPE = YES_ERROR;
				GCC_WARN_UNDECLARED_SELECTOR = YES;
				GCC_WARN_UNINITIALIZED_AUTOS = YES_AGGRESSIVE;
				GCC_WARN_UNUSED_FUNCTION = YES;
				GCC_WARN_UNUSED_VARIABLE = YES;
				IPHONEOS_DEPLOYMENT_TARGET = 14.5;
				MTL_ENABLE_DEBUG_INFO = NO;
				MTL_FAST_MATH = YES;
				SDKROOT = iphoneos;
				SWIFT_COMPILATION_MODE = wholemodule;
				SWIFT_OPTIMIZATION_LEVEL = "-O";
				VALIDATE_PRODUCT = YES;
			};
			name = Release;
		};
		98639E1426FD85E100C5CC5D /* Debug */ = {
			isa = XCBuildConfiguration;
			buildSettings = {
				ASSETCATALOG_COMPILER_APPICON_NAME = AppIcon;
				ASSETCATALOG_COMPILER_GLOBAL_ACCENT_COLOR_NAME = AccentColor;
				CODE_SIGN_STYLE = Automatic;
				INFOPLIST_FILE = Proyecto_Jeyd/Info.plist;
				LD_RUNPATH_SEARCH_PATHS = (
					"$(inherited)",
					"@executable_path/Frameworks",
				);
				PRODUCT_BUNDLE_IDENTIFIER = "Carlos-Encinas.Proyecto-Jeyd";
				PRODUCT_NAME = "$(TARGET_NAME)";
				SWIFT_VERSION = 5.0;
				TARGETED_DEVICE_FAMILY = "1,2";
			};
			name = Debug;
		};
		98639E1526FD85E100C5CC5D /* Release */ = {
			isa = XCBuildConfiguration;
			buildSettings = {
				ASSETCATALOG_COMPILER_APPICON_NAME = AppIcon;
				ASSETCATALOG_COMPILER_GLOBAL_ACCENT_COLOR_NAME = AccentColor;
				CODE_SIGN_STYLE = Automatic;
				INFOPLIST_FILE = Proyecto_Jeyd/Info.plist;
				LD_RUNPATH_SEARCH_PATHS = (
					"$(inherited)",
					"@executable_path/Frameworks",
				);
				PRODUCT_BUNDLE_IDENTIFIER = "Carlos-Encinas.Proyecto-Jeyd";
				PRODUCT_NAME = "$(TARGET_NAME)";
				SWIFT_VERSION = 5.0;
				TARGETED_DEVICE_FAMILY = "1,2";
			};
			name = Release;
		};
/* End XCBuildConfiguration section */

/* Begin XCConfigurationList section */
		98639DFA26FD85D000C5CC5D /* Build configuration list for PBXProject "Proyecto_Jeyd" */ = {
			isa = XCConfigurationList;
			buildConfigurations = (
				98639E1126FD85E100C5CC5D /* Debug */,
				98639E1226FD85E100C5CC5D /* Release */,
			);
			defaultConfigurationIsVisible = 0;
			defaultConfigurationName = Release;
		};
		98639E1326FD85E100C5CC5D /* Build configuration list for PBXNativeTarget "Proyecto_Jeyd" */ = {
			isa = XCConfigurationList;
			buildConfigurations = (
				98639E1426FD85E100C5CC5D /* Debug */,
				98639E1526FD85E100C5CC5D /* Release */,
			);
			defaultConfigurationIsVisible = 0;
			defaultConfigurationName = Release;
		};
/* End XCConfigurationList section */
	};
	rootObject = 98639DF726FD85D000C5CC5D /* Project object */;
}
